
Microsoft Visual Studio Solution File, Format Version 12.00
# Visual Studio 15
VisualStudioVersion = 15.0.28010.2041
MinimumVisualStudioVersion = 10.0.40219.1
Project("{8BC9CEB8-8B4A-11D0-8D11-00A0C91BC942}") = "Assignment 1", "Assignment 1\Assignment 1.vcxproj", "{4816841B-990D-487F-ADA4-9D8B8881E0C3}"
EndProject
Global
	GlobalSection(SolutionConfigurationPlatforms) = preSolution
		Debug|x64 = Debug|x64
		Debug|x86 = Debug|x86
		Release|x64 = Release|x64
		Release|x86 = Release|x86
	EndGlobalSection
	GlobalSection(ProjectConfigurationPlatforms) = postSolution
		{4816841B-990D-487F-ADA4-9D8B8881E0C3}.Debug|x64.ActiveCfg = Debug|x64
		{4816841B-990D-487F-ADA4-9D8B8881E0C3}.Debug|x64.Build.0 = Debug|x64
		{4816841B-990D-487F-ADA4-9D8B8881E0C3}.Debug|x86.ActiveCfg = Debug|Win32
		{4816841B-990D-487F-ADA4-9D8B8881E0C3}.Debug|x86.Build.0 = Debug|Win32
		{4816841B-990D-487F-ADA4-9D8B8881E0C3}.Release|x64.ActiveCfg = Release|x64
		{4816841B-990D-487F-ADA4-9D8B8881E0C3}.Release|x64.Build.0 = Release|x64
		{4816841B-990D-487F-ADA4-9D8B8881E0C3}.Release|x86.ActiveCfg = Release|Win32
		{4816841B-990D-487F-ADA4-9D8B8881E0C3}.Release|x86.Build.0 = Release|Win32
	EndGlobalSection
	GlobalSection(SolutionProperties) = preSolution
		HideSolutionNode = FALSE
	EndGlobalSection
	GlobalSection(ExtensibilityGlobals) = postSolution
		SolutionGuid = {F2DEEFD0-DC05-4127-8FF8-CA1DEE27EE87}
	EndGlobalSection
EndGlobal
